
Microsoft Visual Studio Solution File, Format Version 12.00
# Visual Studio 15
VisualStudioVersion = 15.0.28307.705
MinimumVisualStudioVersion = 10.0.40219.1
Project("{FAE04EC0-301F-11D3-BF4B-00C04F79EFBC}") = "TDD-DueDate", "TDD-DueDate\TDD-DueDate.csproj", "{D1672863-2D8A-4D11-8CC3-7E40033CB69A}"
EndProject
Global
	GlobalSection(SolutionConfigurationPlatforms) = preSolution
		Debug|Any CPU = Debug|Any CPU
		Release|Any CPU = Release|Any CPU
	EndGlobalSection
	GlobalSection(ProjectConfigurationPlatforms) = postSolution
		{D1672863-2D8A-4D11-8CC3-7E40033CB69A}.Debug|Any CPU.ActiveCfg = Debug|Any CPU
		{D1672863-2D8A-4D11-8CC3-7E40033CB69A}.Debug|Any CPU.Build.0 = Debug|Any CPU
		{D1672863-2D8A-4D11-8CC3-7E40033CB69A}.Release|Any CPU.ActiveCfg = Release|Any CPU
		{D1672863-2D8A-4D11-8CC3-7E40033CB69A}.Release|Any CPU.Build.0 = Release|Any CPU
	EndGlobalSection
	GlobalSection(SolutionProperties) = preSolution
		HideSolutionNode = FALSE
	EndGlobalSection
	GlobalSection(ExtensibilityGlobals) = postSolution
		SolutionGuid = {922B4E3C-A48D-4D0B-9C4B-35CADE4824A2}
	EndGlobalSection
EndGlobal
